
Microsoft Visual Studio Solution File, Format Version 12.00
# Visual Studio Version 17
VisualStudioVersion = 17.0.32126.317
MinimumVisualStudioVersion = 10.0.40219.1
Project("{FAE04EC0-301F-11D3-BF4B-00C04F79EFBC}") = "ql_spkh", "ql_spkh\ql_spkh.csproj", "{C2483F43-A313-40E7-A143-9EC9C39258EC}"
EndProject
Global
	GlobalSection(SolutionConfigurationPlatforms) = preSolution
		Debug|Any CPU = Debug|Any CPU
		Release|Any CPU = Release|Any CPU
	EndGlobalSection
	GlobalSection(ProjectConfigurationPlatforms) = postSolution
		{C2483F43-A313-40E7-A143-9EC9C39258EC}.Debug|Any CPU.ActiveCfg = Debug|Any CPU
		{C2483F43-A313-40E7-A143-9EC9C39258EC}.Debug|Any CPU.Build.0 = Debug|Any CPU
		{C2483F43-A313-40E7-A143-9EC9C39258EC}.Release|Any CPU.ActiveCfg = Release|Any CPU
		{C2483F43-A313-40E7-A143-9EC9C39258EC}.Release|Any CPU.Build.0 = Release|Any CPU
	EndGlobalSection
	GlobalSection(SolutionProperties) = preSolution
		HideSolutionNode = FALSE
	EndGlobalSection
	GlobalSection(ExtensibilityGlobals) = postSolution
		SolutionGuid = {8AC81338-9EE7-48E3-8621-EDAA1C884FCF}
	EndGlobalSection
EndGlobal
